// !$*UTF8*$!
{
	archiveVersion = 1;
	classes = {
	};
	objectVersion = 54;
	objects = {

/* Begin PBXBuildFile section */
		3E263B7B246AFA730059384F /* AppDelegate.swift in Sources */ = {isa = PBXBuildFile; fileRef = 3E263B7A246AFA730059384F /* AppDelegate.swift */; };
		3E263B7D246AFA730059384F /* ViewController.swift in Sources */ = {isa = PBXBuildFile; fileRef = 3E263B7C246AFA730059384F /* ViewController.swift */; };
		3E263B7F246AFA740059384F /* Assets.xcassets in Resources */ = {isa = PBXBuildFile; fileRef = 3E263B7E246AFA740059384F /* Assets.xcassets */; };
		3E263B82246AFA740059384F /* Main.storyboard in Resources */ = {isa = PBXBuildFile; fileRef = 3E263B80246AFA740059384F /* Main.storyboard */; };
		3E263BAE246AFCE10059384F /* AppDatabase.swift in Sources */ = {isa = PBXBuildFile; fileRef = 3E263BAD246AFCE10059384F /* AppDatabase.swift */; };
		3E263BB0246FAB0F0059384F /* SourceViewController.swift in Sources */ = {isa = PBXBuildFile; fileRef = 3E263BAF246FAB0F0059384F /* SourceViewController.swift */; };
		3E263BB2246FABC80059384F /* DetailViewController.swift in Sources */ = {isa = PBXBuildFile; fileRef = 3E263BB1246FABC80059384F /* DetailViewController.swift */; };
		3E263BB6247B56690059384F /* Question.swift in Sources */ = {isa = PBXBuildFile; fileRef = 3E263BB4247B51960059384F /* Question.swift */; };
		3E5241922774094400F5A537 /* GRDB.framework in Frameworks */ = {isa = PBXBuildFile; fileRef = 3E52417F277406A700F5A537 /* GRDB.framework */; };
		3E5241932774094400F5A537 /* GRDB.framework in Embed Frameworks */ = {isa = PBXBuildFile; fileRef = 3E52417F277406A700F5A537 /* GRDB.framework */; settings = {ATTRIBUTES = (RemoveHeadersOnCopy, ); }; };
		3E52419627763EE700F5A537 /* What to do next.rtf in Resources */ = {isa = PBXBuildFile; fileRef = 3E52419527763EE700F5A537 /* What to do next.rtf */; };
/* End PBXBuildFile section */

/* Begin PBXContainerItemProxy section */
		3E52417E277406A700F5A537 /* PBXContainerItemProxy */ = {
			isa = PBXContainerItemProxy;
			containerPortal = 3E524173277406A700F5A537 /* GRDB.xcodeproj */;
			proxyType = 2;
			remoteGlobalIDString = DC3773F319C8CBB3004FCF85;
			remoteInfo = GRDBOSX;
		};
		3E524180277406A700F5A537 /* PBXContainerItemProxy */ = {
			isa = PBXContainerItemProxy;
			containerPortal = 3E524173277406A700F5A537 /* GRDB.xcodeproj */;
			proxyType = 2;
			remoteGlobalIDString = 56E5D7F91B4D422D00430942;
			remoteInfo = GRDBOSXTests;
		};
		3E524182277406A700F5A537 /* PBXContainerItemProxy */ = {
			isa = PBXContainerItemProxy;
			containerPortal = 3E524173277406A700F5A537 /* GRDB.xcodeproj */;
			proxyType = 2;
			remoteGlobalIDString = 56553C181C3E906C00522B5C;
			remoteInfo = GRDBOSXCrashTests;
		};
		3E524184277406A700F5A537 /* PBXContainerItemProxy */ = {
			isa = PBXContainerItemProxy;
			containerPortal = 3E524173277406A700F5A537 /* GRDB.xcodeproj */;
			proxyType = 2;
			remoteGlobalIDString = 56E5D7CA1B4D3FED00430942;
			remoteInfo = GRDBiOS;
		};
		3E524186277406A700F5A537 /* PBXContainerItemProxy */ = {
			isa = PBXContainerItemProxy;
			containerPortal = 3E524173277406A700F5A537 /* GRDB.xcodeproj */;
			proxyType = 2;
			remoteGlobalIDString = 56E5D7D31B4D3FEE00430942;
			remoteInfo = GRDBiOSTests;
		};
		3E524188277406A700F5A537 /* PBXContainerItemProxy */ = {
			isa = PBXContainerItemProxy;
			containerPortal = 3E524173277406A700F5A537 /* GRDB.xcodeproj */;
			proxyType = 2;
			remoteGlobalIDString = 565490A01D5A4798005622CB;
			remoteInfo = GRDBWatchOS;
		};
		3E52418A277406A700F5A537 /* PBXContainerItemProxy */ = {
			isa = PBXContainerItemProxy;
			containerPortal = 3E524173277406A700F5A537 /* GRDB.xcodeproj */;
			proxyType = 2;
			remoteGlobalIDString = AAA4DCFE230F1E0600C74B15;
			remoteInfo = GRDBtvOS;
		};
		3E52418C277406A700F5A537 /* PBXContainerItemProxy */ = {
			isa = PBXContainerItemProxy;
			containerPortal = 3E524173277406A700F5A537 /* GRDB.xcodeproj */;
			proxyType = 2;
			remoteGlobalIDString = AAA4DDD4230F262000C74B15;
			remoteInfo = GRDBtvOSTests;
		};
		3E52418E2774071800F5A537 /* PBXContainerItemProxy */ = {
			isa = PBXContainerItemProxy;
			containerPortal = 3E524173277406A700F5A537 /* GRDB.xcodeproj */;
			proxyType = 1;
			remoteGlobalIDString = DC3773F219C8CBB3004FCF85;
			remoteInfo = GRDBOSX;
		};
/* End PBXContainerItemProxy section */

/* Begin PBXCopyFilesBuildPhase section */
		3E263BAA246AFAF90059384F /* Embed Frameworks */ = {
			isa = PBXCopyFilesBuildPhase;
			buildActionMask = 2147483647;
			dstPath = "";
			dstSubfolderSpec = 10;
			files = (
				3E5241932774094400F5A537 /* GRDB.framework in Embed Frameworks */,
			);
			name = "Embed Frameworks";
			runOnlyForDeploymentPostprocessing = 0;
		};
/* End PBXCopyFilesBuildPhase section */

/* Begin PBXFileReference section */
		3E263B77246AFA730059384F /* SplitDB.app */ = {isa = PBXFileReference; explicitFileType = wrapper.application; includeInIndex = 0; path = SplitDB.app; sourceTree = BUILT_PRODUCTS_DIR; };
		3E263B7A246AFA730059384F /* AppDelegate.swift */ = {isa = PBXFileReference; lastKnownFileType = sourcecode.swift; path = AppDelegate.swift; sourceTree = "<group>"; };
		3E263B7C246AFA730059384F /* ViewController.swift */ = {isa = PBXFileReference; lastKnownFileType = sourcecode.swift; path = ViewController.swift; sourceTree = "<group>"; };
		3E263B7E246AFA740059384F /* Assets.xcassets */ = {isa = PBXFileReference; lastKnownFileType = folder.assetcatalog; path = Assets.xcassets; sourceTree = "<group>"; };
		3E263B81246AFA740059384F /* Base */ = {isa = PBXFileReference; lastKnownFileType = file.storyboard; name = Base; path = Base.lproj/Main.storyboard; sourceTree = "<group>"; };
		3E263B83246AFA740059384F /* Info.plist */ = {isa = PBXFileReference; lastKnownFileType = text.plist.xml; path = Info.plist; sourceTree = "<group>"; };
		3E263B84246AFA740059384F /* SplitDB.entitlements */ = {isa = PBXFileReference; lastKnownFileType = text.plist.entitlements; path = SplitDB.entitlements; sourceTree = "<group>"; };
		3E263BAD246AFCE10059384F /* AppDatabase.swift */ = {isa = PBXFileReference; lastKnownFileType = sourcecode.swift; path = AppDatabase.swift; sourceTree = "<group>"; };
		3E263BAF246FAB0F0059384F /* SourceViewController.swift */ = {isa = PBXFileReference; lastKnownFileType = sourcecode.swift; path = SourceViewController.swift; sourceTree = "<group>"; };
		3E263BB1246FABC80059384F /* DetailViewController.swift */ = {isa = PBXFileReference; lastKnownFileType = sourcecode.swift; path = DetailViewController.swift; sourceTree = "<group>"; };
		3E263BB4247B51960059384F /* Question.swift */ = {isa = PBXFileReference; lastKnownFileType = sourcecode.swift; path = Question.swift; sourceTree = "<group>"; };
		3E524173277406A700F5A537 /* GRDB.xcodeproj */ = {isa = PBXFileReference; lastKnownFileType = "wrapper.pb-project"; name = GRDB.xcodeproj; path = "../../GRDB.swift-master/GRDB.xcodeproj"; sourceTree = "<group>"; };
		3E5241942774110B00F5A537 /* SplitDBDebug.entitlements */ = {isa = PBXFileReference; lastKnownFileType = text.plist.entitlements; path = SplitDBDebug.entitlements; sourceTree = "<group>"; };
		3E52419527763EE700F5A537 /* What to do next.rtf */ = {isa = PBXFileReference; lastKnownFileType = text.rtf; path = "What to do next.rtf"; sourceTree = "<group>"; };
/* End PBXFileReference section */

/* Begin PBXFrameworksBuildPhase section */
		3E263B74246AFA730059384F /* Frameworks */ = {
			isa = PBXFrameworksBuildPhase;
			buildActionMask = 2147483647;
			files = (
				3E5241922774094400F5A537 /* GRDB.framework in Frameworks */,
			);
			runOnlyForDeploymentPostprocessing = 0;
		};
/* End PBXFrameworksBuildPhase section */

/* Begin PBXGroup section */
		3E263B6E246AFA730059384F = {
			isa = PBXGroup;
			children = (
				3E524173277406A700F5A537 /* GRDB.xcodeproj */,
				3E263B79246AFA730059384F /* SplitDB */,
				3E263B78246AFA730059384F /* Products */,
				3E263BA7246AFAF90059384F /* Frameworks */,
			);
			sourceTree = "<group>";
		};
		3E263B78246AFA730059384F /* Products */ = {
			isa = PBXGroup;
			children = (
				3E263B77246AFA730059384F /* SplitDB.app */,
			);
			name = Products;
			sourceTree = "<group>";
		};
		3E263B79246AFA730059384F /* SplitDB */ = {
			isa = PBXGroup;
			children = (
				3E5241942774110B00F5A537 /* SplitDBDebug.entitlements */,
				3E263B7A246AFA730059384F /* AppDelegate.swift */,
				3E263BAD246AFCE10059384F /* AppDatabase.swift */,
				3E263BB4247B51960059384F /* Question.swift */,
				3E263B7C246AFA730059384F /* ViewController.swift */,
				3E52419527763EE700F5A537 /* What to do next.rtf */,
				3E263B7E246AFA740059384F /* Assets.xcassets */,
				3E263B80246AFA740059384F /* Main.storyboard */,
				3E263BAF246FAB0F0059384F /* SourceViewController.swift */,
				3E263BB1246FABC80059384F /* DetailViewController.swift */,
				3E263B83246AFA740059384F /* Info.plist */,
				3E263B84246AFA740059384F /* SplitDB.entitlements */,
			);
			path = SplitDB;
			sourceTree = "<group>";
		};
		3E263BA7246AFAF90059384F /* Frameworks */ = {
			isa = PBXGroup;
			children = (
			);
			name = Frameworks;
			sourceTree = "<group>";
		};
		3E524174277406A700F5A537 /* Products */ = {
			isa = PBXGroup;
			children = (
				3E52417F277406A700F5A537 /* GRDB.framework */,
				3E524181277406A700F5A537 /* GRDBOSXTests.xctest */,
				3E524183277406A700F5A537 /* GRDBOSXCrashTests.xctest */,
				3E524185277406A700F5A537 /* GRDB.framework */,
				3E524187277406A700F5A537 /* GRDBiOSTests.xctest */,
				3E524189277406A700F5A537 /* GRDB.framework */,
				3E52418B277406A700F5A537 /* GRDB.framework */,
				3E52418D277406A700F5A537 /* GRDBtvOSTests.xctest */,
			);
			name = Products;
			sourceTree = "<group>";
		};
/* End PBXGroup section */

/* Begin PBXNativeTarget section */
		3E263B76246AFA730059384F /* SplitDB */ = {
			isa = PBXNativeTarget;
			buildConfigurationList = 3E263B87246AFA740059384F /* Build configuration list for PBXNativeTarget "SplitDB" */;
			buildPhases = (
				3E263B73246AFA730059384F /* Sources */,
				3E263B74246AFA730059384F /* Frameworks */,
				3E263B75246AFA730059384F /* Resources */,
				3E263BAA246AFAF90059384F /* Embed Frameworks */,
			);
			buildRules = (
			);
			dependencies = (
				3E52418F2774071800F5A537 /* PBXTargetDependency */,
			);
			name = SplitDB;
			productName = SplitDB;
			productReference = 3E263B77246AFA730059384F /* SplitDB.app */;
			productType = "com.apple.product-type.application";
		};
/* End PBXNativeTarget section */

/* Begin PBXProject section */
		3E263B6F246AFA730059384F /* Project object */ = {
			isa = PBXProject;
			attributes = {
				LastSwiftUpdateCheck = 1130;
				LastUpgradeCheck = 1320;
				ORGANIZATIONNAME = "Tamara Snyder";
				TargetAttributes = {
					3E263B76246AFA730059384F = {
						CreatedOnToolsVersion = 11.3;
					};
				};
			};
			buildConfigurationList = 3E263B72246AFA730059384F /* Build configuration list for PBXProject "SplitDB" */;
			compatibilityVersion = "Xcode 12.0";
			developmentRegion = en;
			hasScannedForEncodings = 0;
			knownRegions = (
				en,
				Base,
			);
			mainGroup = 3E263B6E246AFA730059384F;
			productRefGroup = 3E263B78246AFA730059384F /* Products */;
			projectDirPath = "";
			projectReferences = (
				{
					ProductGroup = 3E524174277406A700F5A537 /* Products */;
					ProjectRef = 3E524173277406A700F5A537 /* GRDB.xcodeproj */;
				},
			);
			projectRoot = "";
			targets = (
				3E263B76246AFA730059384F /* SplitDB */,
			);
		};
/* End PBXProject section */

/* Begin PBXReferenceProxy section */
		3E52417F277406A700F5A537 /* GRDB.framework */ = {
			isa = PBXReferenceProxy;
			fileType = wrapper.framework;
			path = GRDB.framework;
			remoteRef = 3E52417E277406A700F5A537 /* PBXContainerItemProxy */;
			sourceTree = BUILT_PRODUCTS_DIR;
		};
		3E524181277406A700F5A537 /* GRDBOSXTests.xctest */ = {
			isa = PBXReferenceProxy;
			fileType = wrapper.cfbundle;
			path = GRDBOSXTests.xctest;
			remoteRef = 3E524180277406A700F5A537 /* PBXContainerItemProxy */;
			sourceTree = BUILT_PRODUCTS_DIR;
		};
		3E524183277406A700F5A537 /* GRDBOSXCrashTests.xctest */ = {
			isa = PBXReferenceProxy;
			fileType = wrapper.cfbundle;
			path = GRDBOSXCrashTests.xctest;
			remoteRef = 3E524182277406A700F5A537 /* PBXContainerItemProxy */;
			sourceTree = BUILT_PRODUCTS_DIR;
		};
		3E524185277406A700F5A537 /* GRDB.framework */ = {
			isa = PBXReferenceProxy;
			fileType = wrapper.framework;
			path = GRDB.framework;
			remoteRef = 3E524184277406A700F5A537 /* PBXContainerItemProxy */;
			sourceTree = BUILT_PRODUCTS_DIR;
		};
		3E524187277406A700F5A537 /* GRDBiOSTests.xctest */ = {
			isa = PBXReferenceProxy;
			fileType = wrapper.cfbundle;
			path = GRDBiOSTests.xctest;
			remoteRef = 3E524186277406A700F5A537 /* PBXContainerItemProxy */;
			sourceTree = BUILT_PRODUCTS_DIR;
		};
		3E524189277406A700F5A537 /* GRDB.framework */ = {
			isa = PBXReferenceProxy;
			fileType = wrapper.framework;
			path = GRDB.framework;
			remoteRef = 3E524188277406A700F5A537 /* PBXContainerItemProxy */;
			sourceTree = BUILT_PRODUCTS_DIR;
		};
		3E52418B277406A700F5A537 /* GRDB.framework */ = {
			isa = PBXReferenceProxy;
			fileType = wrapper.framework;
			path = GRDB.framework;
			remoteRef = 3E52418A277406A700F5A537 /* PBXContainerItemProxy */;
			sourceTree = BUILT_PRODUCTS_DIR;
		};
		3E52418D277406A700F5A537 /* GRDBtvOSTests.xctest */ = {
			isa = PBXReferenceProxy;
			fileType = wrapper.cfbundle;
			path = GRDBtvOSTests.xctest;
			remoteRef = 3E52418C277406A700F5A537 /* PBXContainerItemProxy */;
			sourceTree = BUILT_PRODUCTS_DIR;
		};
/* End PBXReferenceProxy section */

/* Begin PBXResourcesBuildPhase section */
		3E263B75246AFA730059384F /* Resources */ = {
			isa = PBXResourcesBuildPhase;
			buildActionMask = 2147483647;
			files = (
				3E52419627763EE700F5A537 /* What to do next.rtf in Resources */,
				3E263B7F246AFA740059384F /* Assets.xcassets in Resources */,
				3E263B82246AFA740059384F /* Main.storyboard in Resources */,
			);
			runOnlyForDeploymentPostprocessing = 0;
		};
/* End PBXResourcesBuildPhase section */

/* Begin PBXSourcesBuildPhase section */
		3E263B73246AFA730059384F /* Sources */ = {
			isa = PBXSourcesBuildPhase;
			buildActionMask = 2147483647;
			files = (
				3E263BAE246AFCE10059384F /* AppDatabase.swift in Sources */,
				3E263BB0246FAB0F0059384F /* SourceViewController.swift in Sources */,
				3E263BB2246FABC80059384F /* DetailViewController.swift in Sources */,
				3E263BB6247B56690059384F /* Question.swift in Sources */,
				3E263B7D246AFA730059384F /* ViewController.swift in Sources */,
				3E263B7B246AFA730059384F /* AppDelegate.swift in Sources */,
			);
			runOnlyForDeploymentPostprocessing = 0;
		};
/* End PBXSourcesBuildPhase section */

/* Begin PBXTargetDependency section */
		3E52418F2774071800F5A537 /* PBXTargetDependency */ = {
			isa = PBXTargetDependency;
			name = GRDBOSX;
			targetProxy = 3E52418E2774071800F5A537 /* PBXContainerItemProxy */;
		};
/* End PBXTargetDependency section */

/* Begin PBXVariantGroup section */
		3E263B80246AFA740059384F /* Main.storyboard */ = {
			isa = PBXVariantGroup;
			children = (
				3E263B81246AFA740059384F /* Base */,
			);
			name = Main.storyboard;
			sourceTree = "<group>";
		};
/* End PBXVariantGroup section */

/* Begin XCBuildConfiguration section */
		3E263B85246AFA740059384F /* Debug */ = {
			isa = XCBuildConfiguration;
			buildSettings = {
				ALWAYS_SEARCH_USER_PATHS = NO;
				CLANG_ANALYZER_NONNULL = YES;
				CLANG_ANALYZER_NUMBER_OBJECT_CONVERSION = YES_AGGRESSIVE;
				CLANG_CXX_LANGUAGE_STANDARD = "gnu++14";
				CLANG_CXX_LIBRARY = "libc++";
				CLANG_ENABLE_MODULES = YES;
				CLANG_ENABLE_OBJC_ARC = YES;
				CLANG_ENABLE_OBJC_WEAK = YES;
				CLANG_WARN_BLOCK_CAPTURE_AUTORELEASING = YES;
				CLANG_WARN_BOOL_CONVERSION = YES;
				CLANG_WARN_COMMA = YES;
				CLANG_WARN_CONSTANT_CONVERSION = YES;
				CLANG_WARN_DEPRECATED_OBJC_IMPLEMENTATIONS = YES;
				CLANG_WARN_DIRECT_OBJC_ISA_USAGE = YES_ERROR;
				CLANG_WARN_DOCUMENTATION_COMMENTS = YES;
				CLANG_WARN_EMPTY_BODY = YES;
				CLANG_WARN_ENUM_CONVERSION = YES;
				CLANG_WARN_INFINITE_RECURSION = YES;
				CLANG_WARN_INT_CONVERSION = YES;
				CLANG_WARN_NON_LITERAL_NULL_CONVERSION = YES;
				CLANG_WARN_OBJC_IMPLICIT_RETAIN_SELF = YES;
				CLANG_WARN_OBJC_LITERAL_CONVERSION = YES;
				CLANG_WARN_OBJC_ROOT_CLASS = YES_ERROR;
				CLANG_WARN_QUOTED_INCLUDE_IN_FRAMEWORK_HEADER = YES;
				CLANG_WARN_RANGE_LOOP_ANALYSIS = YES;
				CLANG_WARN_STRICT_PROTOTYPES = YES;
				CLANG_WARN_SUSPICIOUS_MOVE = YES;
				CLANG_WARN_UNGUARDED_AVAILABILITY = YES_AGGRESSIVE;
				CLANG_WARN_UNREACHABLE_CODE = YES;
				CLANG_WARN__DUPLICATE_METHOD_MATCH = YES;
				COPY_PHASE_STRIP = NO;
				DEBUG_INFORMATION_FORMAT = dwarf;
				ENABLE_STRICT_OBJC_MSGSEND = YES;
				ENABLE_TESTABILITY = YES;
				GCC_C_LANGUAGE_STANDARD = gnu11;
				GCC_DYNAMIC_NO_PIC = NO;
				GCC_NO_COMMON_BLOCKS = YES;
				GCC_OPTIMIZATION_LEVEL = 0;
				GCC_PREPROCESSOR_DEFINITIONS = (
					"DEBUG=1",
					"$(inherited)",
				);
				GCC_WARN_64_TO_32_BIT_CONVERSION = YES;
				GCC_WARN_ABOUT_RETURN_TYPE = YES_ERROR;
				GCC_WARN_UNDECLARED_SELECTOR = YES;
				GCC_WARN_UNINITIALIZED_AUTOS = YES_AGGRESSIVE;
				GCC_WARN_UNUSED_FUNCTION = YES;
				GCC_WARN_UNUSED_VARIABLE = YES;
				MACOSX_DEPLOYMENT_TARGET = 10.14;
				MTL_ENABLE_DEBUG_INFO = INCLUDE_SOURCE;
				MTL_FAST_MATH = YES;
				ONLY_ACTIVE_ARCH = YES;
				SDKROOT = macosx;
				SWIFT_ACTIVE_COMPILATION_CONDITIONS = DEBUG;
				SWIFT_OPTIMIZATION_LEVEL = "-Onone";
			};
			name = Debug;
		};
		3E263B86246AFA740059384F /* Release */ = {
			isa = XCBuildConfiguration;
			buildSettings = {
				ALWAYS_SEARCH_USER_PATHS = NO;
				CLANG_ANALYZER_NONNULL = YES;
				CLANG_ANALYZER_NUMBER_OBJECT_CONVERSION = YES_AGGRESSIVE;
				CLANG_CXX_LANGUAGE_STANDARD = "gnu++14";
				CLANG_CXX_LIBRARY = "libc++";
				CLANG_ENABLE_MODULES = YES;
				CLANG_ENABLE_OBJC_ARC = YES;
				CLANG_ENABLE_OBJC_WEAK = YES;
				CLANG_WARN_BLOCK_CAPTURE_AUTORELEASING = YES;
				CLANG_WARN_BOOL_CONVERSION = YES;
				CLANG_WARN_COMMA = YES;
				CLANG_WARN_CONSTANT_CONVERSION = YES;
				CLANG_WARN_DEPRECATED_OBJC_IMPLEMENTATIONS = YES;
				CLANG_WARN_DIRECT_OBJC_ISA_USAGE = YES_ERROR;
				CLANG_WARN_DOCUMENTATION_COMMENTS = YES;
				CLANG_WARN_EMPTY_BODY = YES;
				CLANG_WARN_ENUM_CONVERSION = YES;
				CLANG_WARN_INFINITE_RECURSION = YES;
				CLANG_WARN_INT_CONVERSION = YES;
				CLANG_WARN_NON_LITERAL_NULL_CONVERSION = YES;
				CLANG_WARN_OBJC_IMPLICIT_RETAIN_SELF = YES;
				CLANG_WARN_OBJC_LITERAL_CONVERSION = YES;
				CLANG_WARN_OBJC_ROOT_CLASS = YES_ERROR;
				CLANG_WARN_QUOTED_INCLUDE_IN_FRAMEWORK_HEADER = YES;
				CLANG_WARN_RANGE_LOOP_ANALYSIS = YES;
				CLANG_WARN_STRICT_PROTOTYPES = YES;
				CLANG_WARN_SUSPICIOUS_MOVE = YES;
				CLANG_WARN_UNGUARDED_AVAILABILITY = YES_AGGRESSIVE;
				CLANG_WARN_UNREACHABLE_CODE = YES;
				CLANG_WARN__DUPLICATE_METHOD_MATCH = YES;
				COPY_PHASE_STRIP = NO;
				DEBUG_INFORMATION_FORMAT = "dwarf-with-dsym";
				ENABLE_NS_ASSERTIONS = NO;
				ENABLE_STRICT_OBJC_MSGSEND = YES;
				GCC_C_LANGUAGE_STANDARD = gnu11;
				GCC_NO_COMMON_BLOCKS = YES;
				GCC_WARN_64_TO_32_BIT_CONVERSION = YES;
				GCC_WARN_ABOUT_RETURN_TYPE = YES_ERROR;
				GCC_WARN_UNDECLARED_SELECTOR = YES;
				GCC_WARN_UNINITIALIZED_AUTOS = YES_AGGRESSIVE;
				GCC_WARN_UNUSED_FUNCTION = YES;
				GCC_WARN_UNUSED_VARIABLE = YES;
				MACOSX_DEPLOYMENT_TARGET = 10.14;
				MTL_ENABLE_DEBUG_INFO = NO;
				MTL_FAST_MATH = YES;
				SDKROOT = macosx;
				SWIFT_COMPILATION_MODE = wholemodule;
				SWIFT_OPTIMIZATION_LEVEL = "-O";
			};
			name = Release;
		};
		3E263B88246AFA740059384F /* Debug */ = {
			isa = XCBuildConfiguration;
			buildSettings = {
				ASSETCATALOG_COMPILER_APPICON_NAME = AppIcon;
				CODE_SIGN_ENTITLEMENTS = SplitDB/SplitDBDebug.entitlements;
				CODE_SIGN_IDENTITY = "-";
				CODE_SIGN_STYLE = Automatic;
				COMBINE_HIDPI_IMAGES = YES;
				DEVELOPMENT_TEAM = NHJA6486FQ;
				ENABLE_HARDENED_RUNTIME = YES;
				INFOPLIST_FILE = SplitDB/Info.plist;
				LD_RUNPATH_SEARCH_PATHS = (
					"$(inherited)",
					"@executable_path/../Frameworks",
				);
				MACOSX_DEPLOYMENT_TARGET = 10.10;
				PRODUCT_BUNDLE_IDENTIFIER = com.tamarasnyder.SplitDB;
				PRODUCT_NAME = "$(TARGET_NAME)";
				SWIFT_VERSION = 5.0;
			};
			name = Debug;
		};
		3E263B89246AFA740059384F /* Release */ = {
			isa = XCBuildConfiguration;
			buildSettings = {
				ASSETCATALOG_COMPILER_APPICON_NAME = AppIcon;
				CODE_SIGN_ENTITLEMENTS = SplitDB/SplitDB.entitlements;
				CODE_SIGN_IDENTITY = "-";
				CODE_SIGN_STYLE = Automatic;
				COMBINE_HIDPI_IMAGES = YES;
				DEVELOPMENT_TEAM = NHJA6486FQ;
				ENABLE_HARDENED_RUNTIME = YES;
				INFOPLIST_FILE = SplitDB/Info.plist;
				LD_RUNPATH_SEARCH_PATHS = (
					"$(inherited)",
					"@executable_path/../Frameworks",
				);
				MACOSX_DEPLOYMENT_TARGET = 10.10;
				PRODUCT_BUNDLE_IDENTIFIER = com.tamarasnyder.SplitDB;
				PRODUCT_NAME = "$(TARGET_NAME)";
				SWIFT_VERSION = 5.0;
			};
			name = Release;
		};
/* End XCBuildConfiguration section */

/* Begin XCConfigurationList section */
		3E263B72246AFA730059384F /* Build configuration list for PBXProject "SplitDB" */ = {
			isa = XCConfigurationList;
			buildConfigurations = (
				3E263B85246AFA740059384F /* Debug */,
				3E263B86246AFA740059384F /* Release */,
			);
			defaultConfigurationIsVisible = 0;
			defaultConfigurationName = Release;
		};
		3E263B87246AFA740059384F /* Build configuration list for PBXNativeTarget "SplitDB" */ = {
			isa = XCConfigurationList;
			buildConfigurations = (
				3E263B88246AFA740059384F /* Debug */,
				3E263B89246AFA740059384F /* Release */,
			);
			defaultConfigurationIsVisible = 0;
			defaultConfigurationName = Release;
		};
/* End XCConfigurationList section */
	};
	rootObject = 3E263B6F246AFA730059384F /* Project object */;
}
